PODS:
  - ProtocolBuffers-Swift (4.0.6)
  - SwiftSocket (2.0.2)

DEPENDENCIES:
  - ProtocolBuffers-Swift
  - SwiftSocket

SPEC REPOS:
  trunk:
    - ProtocolBuffers-Swift
    - SwiftSocket

SPEC CHECKSUMS:
  ProtocolBuffers-Swift: 09b5cfcc641ab512d6aaa1d2cc3879a40432052c
  SwiftSocket: 6f4c9c63fbc5c1d61188936bb3c599fd546f40ae

PODFILE CHECKSUM: 6d89bbb8802f947d2a06edda9b20a96dd18b5c9b

COCOAPODS: 1.8.4
